
Microsoft Visual Studio Solution File, Format Version 12.00
# Visual Studio Version 17
VisualStudioVersion = 17.0.32014.148
MinimumVisualStudioVersion = 10.0.40219.1
Project("{FAE04EC0-301F-11D3-BF4B-00C04F79EFBC}") = "StudentPresentation", "StudentPresentation\StudentPresentation.csproj", "{526848BA-E83F-4E15-B02D-A2E98EDF990F}"
EndProject
Project("{FAE04EC0-301F-11D3-BF4B-00C04F79EFBC}") = "DataLayer", "DataLayer\DataLayer.csproj", "{3B9A0C93-E754-49BE-A2A8-A62229507590}"
EndProject
Project("{FAE04EC0-301F-11D3-BF4B-00C04F79EFBC}") = "BusinessLayer", "BusinessLayer\BusinessLayer.csproj", "{CD55DB21-D52F-4EE7-8D26-86E517913163}"
EndProject
Global
	GlobalSection(SolutionConfigurationPlatforms) = preSolution
		Debug|Any CPU = Debug|Any CPU
		Release|Any CPU = Release|Any CPU
	EndGlobalSection
	GlobalSection(ProjectConfigurationPlatforms) = postSolution
		{526848BA-E83F-4E15-B02D-A2E98EDF990F}.Debug|Any CPU.ActiveCfg = Debug|Any CPU
		{526848BA-E83F-4E15-B02D-A2E98EDF990F}.Debug|Any CPU.Build.0 = Debug|Any CPU
		{526848BA-E83F-4E15-B02D-A2E98EDF990F}.Release|Any CPU.ActiveCfg = Release|Any CPU
		{526848BA-E83F-4E15-B02D-A2E98EDF990F}.Release|Any CPU.Build.0 = Release|Any CPU
		{3B9A0C93-E754-49BE-A2A8-A62229507590}.Debug|Any CPU.ActiveCfg = Debug|Any CPU
		{3B9A0C93-E754-49BE-A2A8-A62229507590}.Debug|Any CPU.Build.0 = Debug|Any CPU
		{3B9A0C93-E754-49BE-A2A8-A62229507590}.Release|Any CPU.ActiveCfg = Release|Any CPU
		{3B9A0C93-E754-49BE-A2A8-A62229507590}.Release|Any CPU.Build.0 = Release|Any CPU
		{CD55DB21-D52F-4EE7-8D26-86E517913163}.Debug|Any CPU.ActiveCfg = Debug|Any CPU
		{CD55DB21-D52F-4EE7-8D26-86E517913163}.Debug|Any CPU.Build.0 = Debug|Any CPU
		{CD55DB21-D52F-4EE7-8D26-86E517913163}.Release|Any CPU.ActiveCfg = Release|Any CPU
		{CD55DB21-D52F-4EE7-8D26-86E517913163}.Release|Any CPU.Build.0 = Release|Any CPU
	EndGlobalSection
	GlobalSection(SolutionProperties) = preSolution
		HideSolutionNode = FALSE
	EndGlobalSection
	GlobalSection(ExtensibilityGlobals) = postSolution
		SolutionGuid = {FA691B9E-C4B7-4C0F-9E4A-7FD8E973AC80}
	EndGlobalSection
EndGlobal
