
Microsoft Visual Studio Solution File, Format Version 12.00
# Visual Studio Version 17
VisualStudioVersion = 17.0.32014.148
MinimumVisualStudioVersion = 10.0.40219.1
Project("{FAE04EC0-301F-11D3-BF4B-00C04F79EFBC}") = "PresentationLayer", "PresentationLayer\PresentationLayer.csproj", "{CD60E6C2-27F8-4E1A-B949-980EEC35D035}"
EndProject
Project("{FAE04EC0-301F-11D3-BF4B-00C04F79EFBC}") = "DataLayer", "DataLayer\DataLayer.csproj", "{54D0C21F-ED88-4878-AF32-510737F55796}"
EndProject
Project("{FAE04EC0-301F-11D3-BF4B-00C04F79EFBC}") = "BusinessLayer", "BusinessLayer\BusinessLayer.csproj", "{632D4741-2BE7-46B0-8417-7836D0999CAB}"
EndProject
Global
	GlobalSection(SolutionConfigurationPlatforms) = preSolution
		Debug|Any CPU = Debug|Any CPU
		Release|Any CPU = Release|Any CPU
	EndGlobalSection
	GlobalSection(ProjectConfigurationPlatforms) = postSolution
		{CD60E6C2-27F8-4E1A-B949-980EEC35D035}.Debug|Any CPU.ActiveCfg = Debug|Any CPU
		{CD60E6C2-27F8-4E1A-B949-980EEC35D035}.Debug|Any CPU.Build.0 = Debug|Any CPU
		{CD60E6C2-27F8-4E1A-B949-980EEC35D035}.Release|Any CPU.ActiveCfg = Release|Any CPU
		{CD60E6C2-27F8-4E1A-B949-980EEC35D035}.Release|Any CPU.Build.0 = Release|Any CPU
		{54D0C21F-ED88-4878-AF32-510737F55796}.Debug|Any CPU.ActiveCfg = Debug|Any CPU
		{54D0C21F-ED88-4878-AF32-510737F55796}.Debug|Any CPU.Build.0 = Debug|Any CPU
		{54D0C21F-ED88-4878-AF32-510737F55796}.Release|Any CPU.ActiveCfg = Release|Any CPU
		{54D0C21F-ED88-4878-AF32-510737F55796}.Release|Any CPU.Build.0 = Release|Any CPU
		{632D4741-2BE7-46B0-8417-7836D0999CAB}.Debug|Any CPU.ActiveCfg = Debug|Any CPU
		{632D4741-2BE7-46B0-8417-7836D0999CAB}.Debug|Any CPU.Build.0 = Debug|Any CPU
		{632D4741-2BE7-46B0-8417-7836D0999CAB}.Release|Any CPU.ActiveCfg = Release|Any CPU
		{632D4741-2BE7-46B0-8417-7836D0999CAB}.Release|Any CPU.Build.0 = Release|Any CPU
	EndGlobalSection
	GlobalSection(SolutionProperties) = preSolution
		HideSolutionNode = FALSE
	EndGlobalSection
	GlobalSection(ExtensibilityGlobals) = postSolution
		SolutionGuid = {49F514BC-4C17-4F67-8C51-238372DE67E2}
	EndGlobalSection
EndGlobal
